
Microsoft Visual Studio Solution File, Format Version 12.00
# Visual Studio Version 17
VisualStudioVersion = 17.9.34701.34
MinimumVisualStudioVersion = 10.0.40219.1
Project("{FAE04EC0-301F-11D3-BF4B-00C04F79EFBC}") = "MouseClickTest", "MouseClickTest\MouseClickTest.csproj", "{0809CCF7-1286-4122-AB41-3B4B77BE4A17}"
EndProject
Global
	GlobalSection(SolutionConfigurationPlatforms) = preSolution
		Debug|Any CPU = Debug|Any CPU
		Release|Any CPU = Release|Any CPU
	EndGlobalSection
	GlobalSection(ProjectConfigurationPlatforms) = postSolution
		{0809CCF7-1286-4122-AB41-3B4B77BE4A17}.Debug|Any CPU.ActiveCfg = Debug|Any CPU
		{0809CCF7-1286-4122-AB41-3B4B77BE4A17}.Debug|Any CPU.Build.0 = Debug|Any CPU
		{0809CCF7-1286-4122-AB41-3B4B77BE4A17}.Release|Any CPU.ActiveCfg = Release|Any CPU
		{0809CCF7-1286-4122-AB41-3B4B77BE4A17}.Release|Any CPU.Build.0 = Release|Any CPU
	EndGlobalSection
	GlobalSection(SolutionProperties) = preSolution
		HideSolutionNode = FALSE
	EndGlobalSection
	GlobalSection(ExtensibilityGlobals) = postSolution
		SolutionGuid = {6355F178-9DEB-4EBD-8317-292ED5E623AE}
	EndGlobalSection
EndGlobal
